
Microsoft Visual Studio Solution File, Format Version 12.00
# Visual Studio 15
VisualStudioVersion = 15.0.26730.12
MinimumVisualStudioVersion = 10.0.40219.1
Project("{FAE04EC0-301F-11D3-BF4B-00C04F79EFBC}") = "Faq", "Faq\Faq.csproj", "{20F1C4BA-E694-42BB-A259-25A462612BBA}"
EndProject
Global
	GlobalSection(SolutionConfigurationPlatforms) = preSolution
		Debug|Any CPU = Debug|Any CPU
		Release|Any CPU = Release|Any CPU
	EndGlobalSection
	GlobalSection(ProjectConfigurationPlatforms) = postSolution
		{20F1C4BA-E694-42BB-A259-25A462612BBA}.Debug|Any CPU.ActiveCfg = Debug|Any CPU
		{20F1C4BA-E694-42BB-A259-25A462612BBA}.Debug|Any CPU.Build.0 = Debug|Any CPU
		{20F1C4BA-E694-42BB-A259-25A462612BBA}.Release|Any CPU.ActiveCfg = Release|Any CPU
		{20F1C4BA-E694-42BB-A259-25A462612BBA}.Release|Any CPU.Build.0 = Release|Any CPU
	EndGlobalSection
	GlobalSection(SolutionProperties) = preSolution
		HideSolutionNode = FALSE
	EndGlobalSection
	GlobalSection(ExtensibilityGlobals) = postSolution
		SolutionGuid = {06A9F05F-B35F-401F-ACE9-67A920A98D79}
	EndGlobalSection
EndGlobal
